
Microsoft Visual Studio Solution File, Format Version 12.00
# Visual Studio 15
VisualStudioVersion = 15.0.28307.136
MinimumVisualStudioVersion = 10.0.40219.1
Project("{FAE04EC0-301F-11D3-BF4B-00C04F79EFBC}") = "AddressBook", "AddressBook\AddressBook.csproj", "{44D224AA-47B4-490C-A11D-3087AA848091}"
EndProject
Global
	GlobalSection(SolutionConfigurationPlatforms) = preSolution
		Debug|Any CPU = Debug|Any CPU
		Release|Any CPU = Release|Any CPU
	EndGlobalSection
	GlobalSection(ProjectConfigurationPlatforms) = postSolution
		{44D224AA-47B4-490C-A11D-3087AA848091}.Debug|Any CPU.ActiveCfg = Debug|Any CPU
		{44D224AA-47B4-490C-A11D-3087AA848091}.Debug|Any CPU.Build.0 = Debug|Any CPU
		{44D224AA-47B4-490C-A11D-3087AA848091}.Release|Any CPU.ActiveCfg = Release|Any CPU
		{44D224AA-47B4-490C-A11D-3087AA848091}.Release|Any CPU.Build.0 = Release|Any CPU
	EndGlobalSection
	GlobalSection(SolutionProperties) = preSolution
		HideSolutionNode = FALSE
	EndGlobalSection
	GlobalSection(ExtensibilityGlobals) = postSolution
		SolutionGuid = {AEBE0052-3392-42E1-930F-63EA2CB11ECA}
	EndGlobalSection
EndGlobal
